
Microsoft Visual Studio Solution File, Format Version 12.00
# Visual Studio Version 16
VisualStudioVersion = 16.0.32002.261
MinimumVisualStudioVersion = 10.0.40219.1
Project("{8BC9CEB8-8B4A-11D0-8D11-00A0C91BC942}") = "ConsoleApplication4", "ConsoleApplication4.vcxproj", "{1057A614-9CC5-4F52-AA34-E3FDCE57D197}"
EndProject
Global
	GlobalSection(SolutionConfigurationPlatforms) = preSolution
		Debug|x86 = Debug|x86
		Release|x86 = Release|x86
	EndGlobalSection
	GlobalSection(ProjectConfigurationPlatforms) = postSolution
		{1057A614-9CC5-4F52-AA34-E3FDCE57D197}.Debug|x86.ActiveCfg = Debug|Win32
		{1057A614-9CC5-4F52-AA34-E3FDCE57D197}.Debug|x86.Build.0 = Debug|Win32
		{1057A614-9CC5-4F52-AA34-E3FDCE57D197}.Release|x86.ActiveCfg = Release|Win32
		{1057A614-9CC5-4F52-AA34-E3FDCE57D197}.Release|x86.Build.0 = Release|Win32
	EndGlobalSection
	GlobalSection(SolutionProperties) = preSolution
		HideSolutionNode = FALSE
	EndGlobalSection
	GlobalSection(ExtensibilityGlobals) = postSolution
		SolutionGuid = {CEBA561E-FEEA-43BE-81B0-E0DFC9E380E6}
	EndGlobalSection
EndGlobal
